
Microsoft Visual Studio Solution File, Format Version 12.00
# Visual Studio 15
VisualStudioVersion = 15.0.28307.421
MinimumVisualStudioVersion = 10.0.40219.1
Project("{9A19103F-16F7-4668-BE54-9A1E7A4F7556}") = "Backend", "Backend\Backend.csproj", "{F37FEF38-3B86-42AD-8615-B53E1132B818}"
EndProject
Project("{9A19103F-16F7-4668-BE54-9A1E7A4F7556}") = "Tests", "Tests\Tests.csproj", "{D85CF3E4-9599-4091-932C-5A83B4607DD2}"
EndProject
Global
	GlobalSection(SolutionConfigurationPlatforms) = preSolution
		Debug|Any CPU = Debug|Any CPU
		Release|Any CPU = Release|Any CPU
	EndGlobalSection
	GlobalSection(ProjectConfigurationPlatforms) = postSolution
		{F37FEF38-3B86-42AD-8615-B53E1132B818}.Debug|Any CPU.ActiveCfg = Debug|Any CPU
		{F37FEF38-3B86-42AD-8615-B53E1132B818}.Debug|Any CPU.Build.0 = Debug|Any CPU
		{F37FEF38-3B86-42AD-8615-B53E1132B818}.Release|Any CPU.ActiveCfg = Release|Any CPU
		{F37FEF38-3B86-42AD-8615-B53E1132B818}.Release|Any CPU.Build.0 = Release|Any CPU
		{D85CF3E4-9599-4091-932C-5A83B4607DD2}.Debug|Any CPU.ActiveCfg = Debug|Any CPU
		{D85CF3E4-9599-4091-932C-5A83B4607DD2}.Debug|Any CPU.Build.0 = Debug|Any CPU
		{D85CF3E4-9599-4091-932C-5A83B4607DD2}.Release|Any CPU.ActiveCfg = Release|Any CPU
		{D85CF3E4-9599-4091-932C-5A83B4607DD2}.Release|Any CPU.Build.0 = Release|Any CPU
	EndGlobalSection
	GlobalSection(SolutionProperties) = preSolution
		HideSolutionNode = FALSE
	EndGlobalSection
	GlobalSection(ExtensibilityGlobals) = postSolution
		SolutionGuid = {6F4E5BA3-B370-4E53-BE90-389CBD276616}
	EndGlobalSection
EndGlobal
